{
  "name": "@yaziedbachtiar14/parametea",
  "version": "1.0.0",
  "lockfileVersion": 3,
  "requires": true,
  "packages": {
    "": {
      "name": "@yaziedbachtiar14/parametea",
      "version": "1.0.0",
      "license": "ISC",
      "dependencies": {
        "parametea": "^1.0.0"
      },
      "devDependencies": {}
    },
    "node_modules/parametea": {
      "version": "1.0.0",
      "resolved": "https://registry.npmjs.org/parametea/-/parametea-1.0.0.tgz",
      "integrity": "sha512-GTJ9uXTA9cZJhQvuehrOUxvJ34Ncg5FaDZNrdzdYxeJfCwmvMPHanfKKoNmmx3HYvDqXOC90nB7an/Sd38bLWg=="
    }
  }
}
